{
  "originHash" : "6d77a5be5aadda6c29dba68c782cdaacf22742487d9ec97e7a4749cc3e7acbb6",
  "pins" : [
    {
      "identity" : "moengage-ios-sdk",
      "kind" : "remoteSourceControl",
      "location" : "https://github.com/moengage/MoEngage-iOS-SDK.git",
      "state" : {
        "revision" : "026f5ea1cf066272cd250134565bc2d11f1eda7d",
        "version" : "9.17.2"
      }
    },
    {
      "identity" : "toothscan-sdk",
      "kind" : "remoteSourceControl",
      "location" : "https://github.com/nganesh-gd/Toothscan-SDK",
      "state" : {
        "branch" : "Venkat/framework",
        "revision" : "7cd7c2b7e961d8276562c36978f413812a38b985"
      }
    }
  ],
  "version" : 3
}
